
Microsoft Visual Studio Solution File, Format Version 12.00
# Visual Studio Version 16
VisualStudioVersion = 16.0.29418.71
MinimumVisualStudioVersion = 10.0.40219.1
Project("{FAE04EC0-301F-11D3-BF4B-00C04F79EFBC}") = "Bozkır_avm", "Bozkır_avm\Bozkır_avm.csproj", "{06BB1856-8C02-4513-92AB-5AF83533A5B3}"
EndProject
Global
	GlobalSection(SolutionConfigurationPlatforms) = preSolution
		Debug|Any CPU = Debug|Any CPU
		Release|Any CPU = Release|Any CPU
	EndGlobalSection
	GlobalSection(ProjectConfigurationPlatforms) = postSolution
		{06BB1856-8C02-4513-92AB-5AF83533A5B3}.Debug|Any CPU.ActiveCfg = Debug|Any CPU
		{06BB1856-8C02-4513-92AB-5AF83533A5B3}.Debug|Any CPU.Build.0 = Debug|Any CPU
		{06BB1856-8C02-4513-92AB-5AF83533A5B3}.Release|Any CPU.ActiveCfg = Release|Any CPU
		{06BB1856-8C02-4513-92AB-5AF83533A5B3}.Release|Any CPU.Build.0 = Release|Any CPU
	EndGlobalSection
	GlobalSection(SolutionProperties) = preSolution
		HideSolutionNode = FALSE
	EndGlobalSection
	GlobalSection(ExtensibilityGlobals) = postSolution
		SolutionGuid = {B81FED21-9947-4E03-82F5-CD1E551DCD9D}
	EndGlobalSection
EndGlobal
